
Microsoft Visual Studio Solution File, Format Version 12.00
# Visual Studio 15
VisualStudioVersion = 15.0.28307.1169
MinimumVisualStudioVersion = 10.0.40219.1
Project("{8BC9CEB8-8B4A-11D0-8D11-00A0C91BC942}") = "Prim", "Prim\Prim.vcxproj", "{D438CB06-F30A-4C23-B181-21DD1B9D1469}"
EndProject
Project("{8BC9CEB8-8B4A-11D0-8D11-00A0C91BC942}") = "Kruskal", "Kruskal\Kruskal.vcxproj", "{3009ED01-C282-4064-8478-C04EDA76C58B}"
EndProject
Global
	GlobalSection(SolutionConfigurationPlatforms) = preSolution
		Debug|x64 = Debug|x64
		Debug|x86 = Debug|x86
		Release|x64 = Release|x64
		Release|x86 = Release|x86
	EndGlobalSection
	GlobalSection(ProjectConfigurationPlatforms) = postSolution
		{D438CB06-F30A-4C23-B181-21DD1B9D1469}.Debug|x64.ActiveCfg = Debug|x64
		{D438CB06-F30A-4C23-B181-21DD1B9D1469}.Debug|x64.Build.0 = Debug|x64
		{D438CB06-F30A-4C23-B181-21DD1B9D1469}.Debug|x86.ActiveCfg = Debug|Win32
		{D438CB06-F30A-4C23-B181-21DD1B9D1469}.Debug|x86.Build.0 = Debug|Win32
		{D438CB06-F30A-4C23-B181-21DD1B9D1469}.Release|x64.ActiveCfg = Release|x64
		{D438CB06-F30A-4C23-B181-21DD1B9D1469}.Release|x64.Build.0 = Release|x64
		{D438CB06-F30A-4C23-B181-21DD1B9D1469}.Release|x86.ActiveCfg = Release|Win32
		{D438CB06-F30A-4C23-B181-21DD1B9D1469}.Release|x86.Build.0 = Release|Win32
		{3009ED01-C282-4064-8478-C04EDA76C58B}.Debug|x64.ActiveCfg = Debug|x64
		{3009ED01-C282-4064-8478-C04EDA76C58B}.Debug|x64.Build.0 = Debug|x64
		{3009ED01-C282-4064-8478-C04EDA76C58B}.Debug|x86.ActiveCfg = Debug|Win32
		{3009ED01-C282-4064-8478-C04EDA76C58B}.Debug|x86.Build.0 = Debug|Win32
		{3009ED01-C282-4064-8478-C04EDA76C58B}.Release|x64.ActiveCfg = Release|x64
		{3009ED01-C282-4064-8478-C04EDA76C58B}.Release|x64.Build.0 = Release|x64
		{3009ED01-C282-4064-8478-C04EDA76C58B}.Release|x86.ActiveCfg = Release|Win32
		{3009ED01-C282-4064-8478-C04EDA76C58B}.Release|x86.Build.0 = Release|Win32
	EndGlobalSection
	GlobalSection(SolutionProperties) = preSolution
		HideSolutionNode = FALSE
	EndGlobalSection
	GlobalSection(ExtensibilityGlobals) = postSolution
		SolutionGuid = {17ABE669-DF57-46A0-BFAF-AC85EB646C07}
	EndGlobalSection
EndGlobal
